version = 1
requires-python = ">=3.11"

[[package]]
name = "colorama"
version = "0.4.6"
source = { registry = "https://pypi.org/simple" }
sdist = { url = "https://files.pythonhosted.org/packages/d8/53/6f443c9a4a8358a93a6792e2acffb9d9d5cb0a5cfd8802644b7b1c9a02e4/colorama-0.4.6.tar.gz", hash = "sha256:08695f5cb7ed6e0531a20572697297273c47b8cae5a63ffc6d6ed5c201be6e44", size = 27697 }
wheels = [
    { url = "https://files.pythonhosted.org/packages/d1/d6/3965ed04c63042e047cb6a3e6ed1a63a35087b6a609aa3a15ed8ac56c221/colorama-0.4.6-py2.py3-none-any.whl", hash = "sha256:4f1d9991f5acc0ca119f9d443620b77f9d6b33703e51011c16baf57afb285fc6", size = 25335 },
]

[[package]]
name = "editdistance"
version = "0.8.1"
source = { registry = "https://pypi.org/simple" }
sdist = { url = "https://files.pythonhosted.org/packages/d5/18/9f4f975ca87a390832b1c22478f3702fcdf739f83211e24d054b7551270d/editdistance-0.8.1.tar.gz", hash = "sha256:d1cdf80a5d5014b0c9126a69a42ce55a457b457f6986ff69ca98e4fe4d2d8fed", size = 50006 }
wheels = [
    { url = "https://files.pythonhosted.org/packages/e2/dc/d0c29fd52d8f9e795653ed2b838a2a48c739cdfff04ac5b79c6c0ecbdf79/editdistance-0.8.1-cp311-cp311-macosx_10_9_universal2.whl", hash = "sha256:486105603a273d73d12a54f347dffa70ab281749d7c3879658b377bc49e4b98c", size = 106079 },
    { url = "https://files.pythonhosted.org/packages/b4/c6/75fa45d7b78fbea6fd894f4e48895a75bd3c83d4a9a6b57673881d74d3e0/editdistance-0.8.1-cp311-cp311-macosx_10_9_x86_64.whl", hash = "sha256:fad081f5f86a175c1a09a4e9e45b95c9349e454c21e181e842e01c85f1f536fc", size = 80580 },
    { url = "https://files.pythonhosted.org/packages/b7/a3/058d823b6285c3511dc94ed80620c3fb0c18b4aaa708f70ba71f3af28436/editdistance-0.8.1-cp311-cp311-macosx_11_0_arm64.whl", hash = "sha256:8cb78e125f6759398885a775f5eed07c2bb72b2f86da43e674c6b6a3335b273b", size = 79087 },
    { url = "https://files.pythonhosted.org/packages/a0/3a/0b13c7864c93b1e9b9952bd2a33c5ef3c4fd1bf70a5fad6924789e70e5eb/editdistance-0.8.1-cp311-cp311-manylinux_2_17_aarch64.manylinux2014_aarch64.whl", hash = "sha256:3778ca60aa89def9144b70e330bcec5330c7da1d69cb28c612e90b84510a1d3d", size = 409296 },
    { url = "https://files.pythonhosted.org/packages/96/8a/db0fd79e8ddb9b5f86f274107c5d0a27ec4f2af88877df1f26c2c6d150cc/editdistance-0.8.1-cp311-cp311-manylinux_2_17_x86_64.manylinux2014_x86_64.whl", hash = "sha256:fba945eaa0436cf40bc53d7e299dc537c7c71353379a095b7459ff4af910da33", size = 412913 },
    { url = "https://files.pythonhosted.org/packages/0d/d2/98be7112750ff17b436dd76f988f1e38570dcec0df8578ee19ef046f22fe/editdistance-0.8.1-cp311-cp311-manylinux_2_5_i686.manylinux1_i686.manylinux_2_17_i686.manylinux2014_i686.whl", hash = "sha256:877f2a0d801f32bc1a1878901ffb947b974361e849c66e314a7f1d786a446b58", size = 407430 },
    { url = "https://files.pythonhosted.org/packages/03/62/1815e3bf164910c47ba1948c8b5e937a40c7f9763b64e98fb6666b01dd06/editdistance-0.8.1-cp311-cp311-musllinux_1_1_aarch64.whl", hash = "sha256:e79d351ca40a6ead5f3763253fd7521572ee0d3e5d42538630e56d10f48db481", size = 909217 },
    { url = "https://files.pythonhosted.org/packages/0c/d3/a832cea7b507a9be54e4ac3d1340fb66dca5f9c16c70bf38d5039e8fdede/editdistance-0.8.1-cp311-cp311-musllinux_1_1_i686.whl", hash = "sha256:70ed382b3052a51161bad0149d4665003bf3b949fce0b01bf1253a4cc1a88239", size = 969407 },
    { url = "https://files.pythonhosted.org/packages/a3/b4/db291d2a3845cbf8047b4b5aad3b3e038a8a2994d87027b40e1a1b0f4b74/editdistance-0.8.1-cp311-cp311-musllinux_1_1_x86_64.whl", hash = "sha256:a529bfb384c4000775d76739c4e64f73337f0f5a3784933b1321b577a62bed4e", size = 922112 },
    { url = "https://files.pythonhosted.org/packages/c4/26/7ddeacada4982d0b892a28897e21871d0f25bca165e3663e37c3a272808a/editdistance-0.8.1-cp311-cp311-win32.whl", hash = "sha256:b082232429e731f181af7f7d2bcf79da6ca8fadd04e9086c11e2973f7d330c81", size = 80799 },
    { url = "https://files.pythonhosted.org/packages/52/a1/778af8590b8b12f03f62eacc3c8744407ade9e3d69be6dabe38d0afbf2dd/editdistance-0.8.1-cp311-cp311-win_amd64.whl", hash = "sha256:cef1a4359252a49f2c4718e64e9d40027d9d951b289d045bdb278656e59f6af8", size = 79698 },
    { url = "https://files.pythonhosted.org/packages/cb/4c/7f195588949b4e72436dc7fc902632381f96e586af829685b56daebb38b8/editdistance-0.8.1-cp312-cp312-macosx_10_9_universal2.whl", hash = "sha256:b04af61b3fcdd287a07c15b6ae3b02af01c5e3e9c3aca76b8c1d13bd266b6f57", size = 106723 },
    { url = "https://files.pythonhosted.org/packages/8d/82/31dc1640d830cd7d36865098329f34e4dad3b77f31cfb9404b347e700196/editdistance-0.8.1-cp312-cp312-macosx_10_9_x86_64.whl", hash = "sha256:18fc8b6eaae01bfd9cf999af726c1e8dcf667d120e81aa7dbd515bea7427f62f", size = 80998 },
    { url = "https://files.pythonhosted.org/packages/ea/2a/6b823e71cef694d6f070a1d82be2842706fa193541aab8856a8f42044cd0/editdistance-0.8.1-cp312-cp312-macosx_11_0_arm64.whl", hash = "sha256:6a87839450a5987028738d061ffa5ef6a68bac2ddc68c9147a8aae9806629c7f", size = 79248 },
    { url = "https://files.pythonhosted.org/packages/e1/31/bfb8e590f922089dc3471ed7828a6da2fc9453eba38c332efa9ee8749fd7/editdistance-0.8.1-cp312-cp312-manylinux_2_17_aarch64.manylinux2014_aarch64.whl", hash = "sha256:24b5f9c9673c823d91b5973d0af8b39f883f414a55ade2b9d097138acd10f31e", size = 415262 },
    { url = "https://files.pythonhosted.org/packages/a9/c7/57423942b2f847cdbbb46494568d00cd8a45500904ea026f0aad6ca01bc7/editdistance-0.8.1-cp312-cp312-manylinux_2_17_x86_64.manylinux2014_x86_64.whl", hash = "sha256:c59248eabfad603f0fba47b0c263d5dc728fb01c2b6b50fb6ca187cec547fdb3", size = 418905 },
    { url = "https://files.pythonhosted.org/packages/1b/05/dfa4cdcce063596cbf0d7a32c46cd0f4fa70980311b7da64d35f33ad02a0/editdistance-0.8.1-cp312-cp312-manylinux_2_5_i686.manylinux1_i686.manylinux_2_17_i686.manylinux2014_i686.whl", hash = "sha256:84e239d88ff52821cf64023fabd06a1d9a07654f364b64bf1284577fd3a79d0e", size = 412511 },
    { url = "https://files.pythonhosted.org/packages/0e/14/39608ff724a9523f187c4e28926d78bc68f2798f74777ac6757981108345/editdistance-0.8.1-cp312-cp312-musllinux_1_1_aarch64.whl", hash = "sha256:2f7f71698f83e8c83839ac0d876a0f4ef996c86c5460aebd26d85568d4afd0db", size = 917293 },
    { url = "https://files.pythonhosted.org/packages/df/92/4a1c61d72da40dedfd0ff950fdc71ae83f478330c58a8bccfd776518bd67/editdistance-0.8.1-cp312-cp312-musllinux_1_1_i686.whl", hash = "sha256:04e229d6f4ce0c12abc9f4cd4023a5b5fa9620226e0207b119c3c2778b036250", size = 975580 },
    { url = "https://files.pythonhosted.org/packages/47/3d/9877566e724c8a37f2228a84ec5cbf66dbfd0673515baf68a0fe07caff40/editdistance-0.8.1-cp312-cp312-musllinux_1_1_x86_64.whl", hash = "sha256:e16721636da6d6b68a2c09eaced35a94f4a4a704ec09f45756d4fd5e128ed18d", size = 929121 },
    { url = "https://files.pythonhosted.org/packages/d2/f5/8c50757d198b8ca30ddb91e8b8f0247a8dca04ff2ec30755245f0ab1ff0c/editdistance-0.8.1-cp312-cp312-win32.whl", hash = "sha256:87533cf2ebc3777088d991947274cd7e1014b9c861a8aa65257bcdc0ee492526", size = 81039 },
    { url = "https://files.pythonhosted.org/packages/28/f0/65101e51dc7c850e7b7581a5d8fa8721a1d7479a0dca6c08386328e19882/editdistance-0.8.1-cp312-cp312-win_amd64.whl", hash = "sha256:09f01ed51746d90178af7dd7ea4ebb41497ef19f53c7f327e864421743dffb0a", size = 79853 },
]

[[package]]
name = "jamorasep"
version = "0.0.1"
source = { registry = "https://pypi.org/simple" }
dependencies = [
    { name = "typeguard" },
]
sdist = { url = "https://files.pythonhosted.org/packages/2a/ef/e79b0c6c6ccb153d9f3d292913dfdb89414c20a1f16ad2b61a817787a7a6/jamorasep-0.0.1.tar.gz", hash = "sha256:a2b13dc23f8edb8195d0d316679ed4b26dabae2772b99962f05af8719eb71e52", size = 14073 }
wheels = [
    { url = "https://files.pythonhosted.org/packages/e4/e6/395d7747f4daf7511f976e0c49d2da32b4dc196e018671d609ff887e76c2/jamorasep-0.0.1-py3-none-any.whl", hash = "sha256:e59fcdc3609674a736172f190a6ad38b301364284fe9ee8401e82915c22344bd", size = 8245 },
]

[[package]]
name = "kanasim"
version = "0.0.4"
source = { registry = "https://pypi.org/simple" }
dependencies = [
    { name = "jamorasep" },
]
sdist = { url = "https://files.pythonhosted.org/packages/54/76/9653238c9da536f4614e25adec5797b1a2cf5415864b3595fe32ffc00c25/kanasim-0.0.4.tar.gz", hash = "sha256:6edb943f031a838389ab80f88104df1e23a7305b4534b752e329fae2b79d27e6", size = 1941673 }
wheels = [
    { url = "https://files.pythonhosted.org/packages/35/18/3e3eccbcf5f6b0c9e1215b85f09d3624848e5f6582eee7e98b54490302e4/kanasim-0.0.4-py3-none-any.whl", hash = "sha256:cb71ea0ba4a5397f6e8d31bd1cc62618ec5e62fbd74bb453009776b628c54ae5", size = 1719567 },
]

[[package]]
name = "numpy"
version = "2.2.3"
source = { registry = "https://pypi.org/simple" }
sdist = { url = "https://files.pythonhosted.org/packages/fb/90/8956572f5c4ae52201fdec7ba2044b2c882832dcec7d5d0922c9e9acf2de/numpy-2.2.3.tar.gz", hash = "sha256:dbdc15f0c81611925f382dfa97b3bd0bc2c1ce19d4fe50482cb0ddc12ba30020", size = 20262700 }
wheels = [
    { url = "https://files.pythonhosted.org/packages/96/86/453aa3949eab6ff54e2405f9cb0c01f756f031c3dc2a6d60a1d40cba5488/numpy-2.2.3-cp311-cp311-macosx_10_9_x86_64.whl", hash = "sha256:16372619ee728ed67a2a606a614f56d3eabc5b86f8b615c79d01957062826ca8", size = 21237256 },
    { url = "https://files.pythonhosted.org/packages/20/c3/93ecceadf3e155d6a9e4464dd2392d8d80cf436084c714dc8535121c83e8/numpy-2.2.3-cp311-cp311-macosx_11_0_arm64.whl", hash = "sha256:5521a06a3148686d9269c53b09f7d399a5725c47bbb5b35747e1cb76326b714b", size = 14408049 },
    { url = "https://files.pythonhosted.org/packages/8d/29/076999b69bd9264b8df5e56f2be18da2de6b2a2d0e10737e5307592e01de/numpy-2.2.3-cp311-cp311-macosx_14_0_arm64.whl", hash = "sha256:7c8dde0ca2f77828815fd1aedfdf52e59071a5bae30dac3b4da2a335c672149a", size = 5408655 },
    { url = "https://files.pythonhosted.org/packages/e2/a7/b14f0a73eb0fe77cb9bd5b44534c183b23d4229c099e339c522724b02678/numpy-2.2.3-cp311-cp311-macosx_14_0_x86_64.whl", hash = "sha256:77974aba6c1bc26e3c205c2214f0d5b4305bdc719268b93e768ddb17e3fdd636", size = 6949996 },
    { url = "https://files.pythonhosted.org/packages/72/2f/8063da0616bb0f414b66dccead503bd96e33e43685c820e78a61a214c098/numpy-2.2.3-cp311-cp311-manylinux_2_17_aarch64.manylinux2014_aarch64.whl", hash = "sha256:d42f9c36d06440e34226e8bd65ff065ca0963aeecada587b937011efa02cdc9d", size = 14355789 },
    { url = "https://files.pythonhosted.org/packages/e6/d7/3cd47b00b8ea95ab358c376cf5602ad21871410950bc754cf3284771f8b6/numpy-2.2.3-cp311-cp311-manylinux_2_17_x86_64.manylinux2014_x86_64.whl", hash = "sha256:f2712c5179f40af9ddc8f6727f2bd910ea0eb50206daea75f58ddd9fa3f715bb", size = 16411356 },
    { url = "https://files.pythonhosted.org/packages/27/c0/a2379e202acbb70b85b41483a422c1e697ff7eee74db642ca478de4ba89f/numpy-2.2.3-cp311-cp311-musllinux_1_2_aarch64.whl", hash = "sha256:c8b0451d2ec95010d1db8ca733afc41f659f425b7f608af569711097fd6014e2", size = 15576770 },
    { url = "https://files.pythonhosted.org/packages/bc/63/a13ee650f27b7999e5b9e1964ae942af50bb25606d088df4229283eda779/numpy-2.2.3-cp311-cp311-musllinux_1_2_x86_64.whl", hash = "sha256:d9b4a8148c57ecac25a16b0e11798cbe88edf5237b0df99973687dd866f05e1b", size = 18200483 },
    { url = "https://files.pythonhosted.org/packages/4c/87/e71f89935e09e8161ac9c590c82f66d2321eb163893a94af749dfa8a3cf8/numpy-2.2.3-cp311-cp311-win32.whl", hash = "sha256:1f45315b2dc58d8a3e7754fe4e38b6fce132dab284a92851e41b2b344f6441c5", size = 6588415 },
    { url = "https://files.pythonhosted.org/packages/b9/c6/cd4298729826af9979c5f9ab02fcaa344b82621e7c49322cd2d210483d3f/numpy-2.2.3-cp311-cp311-win_amd64.whl", hash = "sha256:9f48ba6f6c13e5e49f3d3efb1b51c8193215c42ac82610a04624906a9270be6f", size = 12929604 },
    { url = "https://files.pythonhosted.org/packages/43/ec/43628dcf98466e087812142eec6d1c1a6c6bdfdad30a0aa07b872dc01f6f/numpy-2.2.3-cp312-cp312-macosx_10_13_x86_64.whl", hash = "sha256:12c045f43b1d2915eca6b880a7f4a256f59d62df4f044788c8ba67709412128d", size = 20929458 },
    { url = "https://files.pythonhosted.org/packages/9b/c0/2f4225073e99a5c12350954949ed19b5d4a738f541d33e6f7439e33e98e4/numpy-2.2.3-cp312-cp312-macosx_11_0_arm64.whl", hash = "sha256:87eed225fd415bbae787f93a457af7f5990b92a334e346f72070bf569b9c9c95", size = 14115299 },
    { url = "https://files.pythonhosted.org/packages/ca/fa/d2c5575d9c734a7376cc1592fae50257ec95d061b27ee3dbdb0b3b551eb2/numpy-2.2.3-cp312-cp312-macosx_14_0_arm64.whl", hash = "sha256:712a64103d97c404e87d4d7c47fb0c7ff9acccc625ca2002848e0d53288b90ea", size = 5145723 },
    { url = "https://files.pythonhosted.org/packages/eb/dc/023dad5b268a7895e58e791f28dc1c60eb7b6c06fcbc2af8538ad069d5f3/numpy-2.2.3-cp312-cp312-macosx_14_0_x86_64.whl", hash = "sha256:a5ae282abe60a2db0fd407072aff4599c279bcd6e9a2475500fc35b00a57c532", size = 6678797 },
    { url = "https://files.pythonhosted.org/packages/3f/19/bcd641ccf19ac25abb6fb1dcd7744840c11f9d62519d7057b6ab2096eb60/numpy-2.2.3-cp312-cp312-manylinux_2_17_aarch64.manylinux2014_aarch64.whl", hash = "sha256:5266de33d4c3420973cf9ae3b98b54a2a6d53a559310e3236c4b2b06b9c07d4e", size = 14067362 },
    { url = "https://files.pythonhosted.org/packages/39/04/78d2e7402fb479d893953fb78fa7045f7deb635ec095b6b4f0260223091a/numpy-2.2.3-cp312-cp312-manylinux_2_17_x86_64.manylinux2014_x86_64.whl", hash = "sha256:3b787adbf04b0db1967798dba8da1af07e387908ed1553a0d6e74c084d1ceafe", size = 16116679 },
    { url = "https://files.pythonhosted.org/packages/d0/a1/e90f7aa66512be3150cb9d27f3d9995db330ad1b2046474a13b7040dfd92/numpy-2.2.3-cp312-cp312-musllinux_1_2_aarch64.whl", hash = "sha256:34c1b7e83f94f3b564b35f480f5652a47007dd91f7c839f404d03279cc8dd021", size = 15264272 },
    { url = "https://files.pythonhosted.org/packages/dc/b6/50bd027cca494de4fa1fc7bf1662983d0ba5f256fa0ece2c376b5eb9b3f0/numpy-2.2.3-cp312-cp312-musllinux_1_2_x86_64.whl", hash = "sha256:4d8335b5f1b6e2bce120d55fb17064b0262ff29b459e8493d1785c18ae2553b8", size = 17880549 },
    { url = "https://files.pythonhosted.org/packages/96/30/f7bf4acb5f8db10a96f73896bdeed7a63373137b131ca18bd3dab889db3b/numpy-2.2.3-cp312-cp312-win32.whl", hash = "sha256:4d9828d25fb246bedd31e04c9e75714a4087211ac348cb39c8c5f99dbb6683fe", size = 6293394 },
    { url = "https://files.pythonhosted.org/packages/42/6e/55580a538116d16ae7c9aa17d4edd56e83f42126cb1dfe7a684da7925d2c/numpy-2.2.3-cp312-cp312-win_amd64.whl", hash = "sha256:83807d445817326b4bcdaaaf8e8e9f1753da04341eceec705c001ff342002e5d", size = 12626357 },
    { url = "https://files.pythonhosted.org/packages/0e/8b/88b98ed534d6a03ba8cddb316950fe80842885709b58501233c29dfa24a9/numpy-2.2.3-cp313-cp313-macosx_10_13_x86_64.whl", hash = "sha256:7bfdb06b395385ea9b91bf55c1adf1b297c9fdb531552845ff1d3ea6e40d5aba", size = 20916001 },
    { url = "https://files.pythonhosted.org/packages/d9/b4/def6ec32c725cc5fbd8bdf8af80f616acf075fe752d8a23e895da8c67b70/numpy-2.2.3-cp313-cp313-macosx_11_0_arm64.whl", hash = "sha256:23c9f4edbf4c065fddb10a4f6e8b6a244342d95966a48820c614891e5059bb50", size = 14130721 },
    { url = "https://files.pythonhosted.org/packages/20/60/70af0acc86495b25b672d403e12cb25448d79a2b9658f4fc45e845c397a8/numpy-2.2.3-cp313-cp313-macosx_14_0_arm64.whl", hash = "sha256:a0c03b6be48aaf92525cccf393265e02773be8fd9551a2f9adbe7db1fa2b60f1", size = 5130999 },
    { url = "https://files.pythonhosted.org/packages/2e/69/d96c006fb73c9a47bcb3611417cf178049aae159afae47c48bd66df9c536/numpy-2.2.3-cp313-cp313-macosx_14_0_x86_64.whl", hash = "sha256:2376e317111daa0a6739e50f7ee2a6353f768489102308b0d98fcf4a04f7f3b5", size = 6665299 },
    { url = "https://files.pythonhosted.org/packages/5a/3f/d8a877b6e48103733ac224ffa26b30887dc9944ff95dffdfa6c4ce3d7df3/numpy-2.2.3-cp313-cp313-manylinux_2_17_aarch64.manylinux2014_aarch64.whl", hash = "sha256:8fb62fe3d206d72fe1cfe31c4a1106ad2b136fcc1606093aeab314f02930fdf2", size = 14064096 },
    { url = "https://files.pythonhosted.org/packages/e4/43/619c2c7a0665aafc80efca465ddb1f260287266bdbdce517396f2f145d49/numpy-2.2.3-cp313-cp313-manylinux_2_17_x86_64.manylinux2014_x86_64.whl", hash = "sha256:52659ad2534427dffcc36aac76bebdd02b67e3b7a619ac67543bc9bfe6b7cdb1", size = 16114758 },
    { url = "https://files.pythonhosted.org/packages/d9/79/ee4fe4f60967ccd3897aa71ae14cdee9e3c097e3256975cc9575d393cb42/numpy-2.2.3-cp313-cp313-musllinux_1_2_aarch64.whl", hash = "sha256:1b416af7d0ed3271cad0f0a0d0bee0911ed7eba23e66f8424d9f3dfcdcae1304", size = 15259880 },
    { url = "https://files.pythonhosted.org/packages/fb/c8/8b55cf05db6d85b7a7d414b3d1bd5a740706df00bfa0824a08bf041e52ee/numpy-2.2.3-cp313-cp313-musllinux_1_2_x86_64.whl", hash = "sha256:1402da8e0f435991983d0a9708b779f95a8c98c6b18a171b9f1be09005e64d9d", size = 17876721 },
    { url = "https://files.pythonhosted.org/packages/21/d6/b4c2f0564b7dcc413117b0ffbb818d837e4b29996b9234e38b2025ed24e7/numpy-2.2.3-cp313-cp313-win32.whl", hash = "sha256:136553f123ee2951bfcfbc264acd34a2fc2f29d7cdf610ce7daf672b6fbaa693", size = 6290195 },
    { url = "https://files.pythonhosted.org/packages/97/e7/7d55a86719d0de7a6a597949f3febefb1009435b79ba510ff32f05a8c1d7/numpy-2.2.3-cp313-cp313-win_amd64.whl", hash = "sha256:5b732c8beef1d7bc2d9e476dbba20aaff6167bf205ad9aa8d30913859e82884b", size = 12619013 },
    { url = "https://files.pythonhosted.org/packages/a6/1f/0b863d5528b9048fd486a56e0b97c18bf705e88736c8cea7239012119a54/numpy-2.2.3-cp313-cp313t-macosx_10_13_x86_64.whl", hash = "sha256:435e7a933b9fda8126130b046975a968cc2d833b505475e588339e09f7672890", size = 20944621 },
    { url = "https://files.pythonhosted.org/packages/aa/99/b478c384f7a0a2e0736177aafc97dc9152fc036a3fdb13f5a3ab225f1494/numpy-2.2.3-cp313-cp313t-macosx_11_0_arm64.whl", hash = "sha256:7678556eeb0152cbd1522b684dcd215250885993dd00adb93679ec3c0e6e091c", size = 14142502 },
    { url = "https://files.pythonhosted.org/packages/fb/61/2d9a694a0f9cd0a839501d362de2a18de75e3004576a3008e56bdd60fcdb/numpy-2.2.3-cp313-cp313t-macosx_14_0_arm64.whl", hash = "sha256:2e8da03bd561504d9b20e7a12340870dfc206c64ea59b4cfee9fceb95070ee94", size = 5176293 },
    { url = "https://files.pythonhosted.org/packages/33/35/51e94011b23e753fa33f891f601e5c1c9a3d515448659b06df9d40c0aa6e/numpy-2.2.3-cp313-cp313t-macosx_14_0_x86_64.whl", hash = "sha256:c9aa4496fd0e17e3843399f533d62857cef5900facf93e735ef65aa4bbc90ef0", size = 6691874 },
    { url = "https://files.pythonhosted.org/packages/ff/cf/06e37619aad98a9d03bd8d65b8e3041c3a639be0f5f6b0a0e2da544538d4/numpy-2.2.3-cp313-cp313t-manylinux_2_17_aarch64.manylinux2014_aarch64.whl", hash = "sha256:f4ca91d61a4bf61b0f2228f24bbfa6a9facd5f8af03759fe2a655c50ae2c6610", size = 14036826 },
    { url = "https://files.pythonhosted.org/packages/0c/93/5d7d19955abd4d6099ef4a8ee006f9ce258166c38af259f9e5558a172e3e/numpy-2.2.3-cp313-cp313t-manylinux_2_17_x86_64.manylinux2014_x86_64.whl", hash = "sha256:deaa09cd492e24fd9b15296844c0ad1b3c976da7907e1c1ed3a0ad21dded6f76", size = 16096567 },
    { url = "https://files.pythonhosted.org/packages/af/53/d1c599acf7732d81f46a93621dab6aa8daad914b502a7a115b3f17288ab2/numpy-2.2.3-cp313-cp313t-musllinux_1_2_aarch64.whl", hash = "sha256:246535e2f7496b7ac85deffe932896a3577be7af8fb7eebe7146444680297e9a", size = 15242514 },
    { url = "https://files.pythonhosted.org/packages/53/43/c0f5411c7b3ea90adf341d05ace762dad8cb9819ef26093e27b15dd121ac/numpy-2.2.3-cp313-cp313t-musllinux_1_2_x86_64.whl", hash = "sha256:daf43a3d1ea699402c5a850e5313680ac355b4adc9770cd5cfc2940e7861f1bf", size = 17872920 },
    { url = "https://files.pythonhosted.org/packages/5b/57/6dbdd45ab277aff62021cafa1e15f9644a52f5b5fc840bc7591b4079fb58/numpy-2.2.3-cp313-cp313t-win32.whl", hash = "sha256:cf802eef1f0134afb81fef94020351be4fe1d6681aadf9c5e862af6602af64ef", size = 6346584 },
    { url = "https://files.pythonhosted.org/packages/97/9b/484f7d04b537d0a1202a5ba81c6f53f1846ae6c63c2127f8df869ed31342/numpy-2.2.3-cp313-cp313t-win_amd64.whl", hash = "sha256:aee2512827ceb6d7f517c8b85aa5d3923afe8fc7a57d028cffcd522f1c6fd082", size = 12706784 },
]

[[package]]
name = "pyopenjtalk"
version = "0.4.0"
source = { registry = "https://pypi.org/simple" }
dependencies = [
    { name = "numpy" },
    { name = "tqdm" },
]
sdist = { url = "https://files.pythonhosted.org/packages/63/5e/50434a22f5c20ed1e562f4d7edbb7b1b04853abc185b9ac12dea18b02006/pyopenjtalk-0.4.0.tar.gz", hash = "sha256:eb66fa5daba56a865c44fb78ee31851a1f6d3dce0d48198b9e5af15b7d55c0bb", size = 1397964 }

[[package]]
name = "soramimi-phonetic-search-dataset"
version = "0.1.0"
source = { virtual = "." }
dependencies = [
    { name = "editdistance" },
    { name = "jamorasep" },
    { name = "kanasim" },
    { name = "pyopenjtalk" },
]

[package.metadata]
requires-dist = [
    { name = "editdistance", specifier = ">=0.8.1" },
    { name = "jamorasep", specifier = ">=0.0.1" },
    { name = "kanasim", specifier = ">=0.0.4" },
    { name = "pyopenjtalk", specifier = ">=0.4.0" },
]

[[package]]
name = "tqdm"
version = "4.67.1"
source = { registry = "https://pypi.org/simple" }
dependencies = [
    { name = "colorama", marker = "platform_system == 'Windows'" },
]
sdist = { url = "https://files.pythonhosted.org/packages/a8/4b/29b4ef32e036bb34e4ab51796dd745cdba7ed47ad142a9f4a1eb8e0c744d/tqdm-4.67.1.tar.gz", hash = "sha256:f8aef9c52c08c13a65f30ea34f4e5aac3fd1a34959879d7e59e63027286627f2", size = 169737 }
wheels = [
    { url = "https://files.pythonhosted.org/packages/d0/30/dc54f88dd4a2b5dc8a0279bdd7270e735851848b762aeb1c1184ed1f6b14/tqdm-4.67.1-py3-none-any.whl", hash = "sha256:26445eca388f82e72884e0d580d5464cd801a3ea01e63e5601bdff9ba6a48de2", size = 78540 },
]

[[package]]
name = "typeguard"
version = "4.4.2"
source = { registry = "https://pypi.org/simple" }
dependencies = [
    { name = "typing-extensions" },
]
sdist = { url = "https://files.pythonhosted.org/packages/70/60/8cd6a3d78d00ceeb2193c02b7ed08f063d5341ccdfb24df88e61f383048e/typeguard-4.4.2.tar.gz", hash = "sha256:a6f1065813e32ef365bc3b3f503af8a96f9dd4e0033a02c28c4a4983de8c6c49", size = 75746 }
wheels = [
    { url = "https://files.pythonhosted.org/packages/cf/4b/9a77dc721aa0b7f74440a42e4ef6f9a4fae7324e17f64f88b96f4c25cc05/typeguard-4.4.2-py3-none-any.whl", hash = "sha256:77a78f11f09777aeae7fa08585f33b5f4ef0e7335af40005b0c422ed398ff48c", size = 35801 },
]

[[package]]
name = "typing-extensions"
version = "4.12.2"
source = { registry = "https://pypi.org/simple" }
sdist = { url = "https://files.pythonhosted.org/packages/df/db/f35a00659bc03fec321ba8bce9420de607a1d37f8342eee1863174c69557/typing_extensions-4.12.2.tar.gz", hash = "sha256:1a7ead55c7e559dd4dee8856e3a88b41225abfe1ce8df57b7c13915fe121ffb8", size = 85321 }
wheels = [
    { url = "https://files.pythonhosted.org/packages/26/9f/ad63fc0248c5379346306f8668cda6e2e2e9c95e01216d2b8ffd9ff037d0/typing_extensions-4.12.2-py3-none-any.whl", hash = "sha256:04e5ca0351e0f3f85c6853954072df659d0d13fac324d0072316b67d7794700d", size = 37438 },
]
